
Microsoft Visual Studio Solution File, Format Version 12.00
# Visual Studio Version 17
VisualStudioVersion = 17.12.35521.163
MinimumVisualStudioVersion = 10.0.40219.1
Project("{2150E333-8FDC-42A3-9474-1A3956D46DE8}") = "Core", "Core", "{C3EDE65F-0E70-42D4-B840-1AB3440A4D2C}"
EndProject
Project("{FAE04EC0-301F-11D3-BF4B-00C04F79EFBC}") = "App.Domain", "Core\App.Domain\App.Domain.csproj", "{52C9BD7E-8D5D-4E2D-AB79-48C07E6195C0}"
EndProject
Project("{FAE04EC0-301F-11D3-BF4B-00C04F79EFBC}") = "App.Application", "Core\App.Application\App.Application.csproj", "{8C7FDAF2-7CFE-49B0-AC28-8BC56F970ED3}"
EndProject
Project("{2150E333-8FDC-42A3-9474-1A3956D46DE8}") = "Infrastructure", "Infrastructure", "{5F1DA91C-5308-4BCD-BC5F-A2ED90C9F85C}"
EndProject
Project("{FAE04EC0-301F-11D3-BF4B-00C04F79EFBC}") = "App.Persistence", "Infrastructure\App.Persistence\App.Persistence.csproj", "{D2413875-734B-40F6-8EF6-11150BB35F0F}"
EndProject
Project("{2150E333-8FDC-42A3-9474-1A3956D46DE8}") = "API", "API", "{7D2D60A6-C4D7-47FE-B35B-01AAA0C0022E}"
EndProject
Project("{FAE04EC0-301F-11D3-BF4B-00C04F79EFBC}") = "App.API", "API\App.API\App.API.csproj", "{3E4C98B4-37CA-4A27-AED4-DA62A1859179}"
EndProject
Project("{FAE04EC0-301F-11D3-BF4B-00C04F79EFBC}") = "App.Caching", "Infrastructure\App.Caching\App.Caching.csproj", "{1C6E27A4-DA84-4069-A09B-A1C1F107DCFE}"
EndProject
Global
	GlobalSection(SolutionConfigurationPlatforms) = preSolution
		Debug|Any CPU = Debug|Any CPU
		Release|Any CPU = Release|Any CPU
	EndGlobalSection
	GlobalSection(ProjectConfigurationPlatforms) = postSolution
		{52C9BD7E-8D5D-4E2D-AB79-48C07E6195C0}.Debug|Any CPU.ActiveCfg = Debug|Any CPU
		{52C9BD7E-8D5D-4E2D-AB79-48C07E6195C0}.Debug|Any CPU.Build.0 = Debug|Any CPU
		{52C9BD7E-8D5D-4E2D-AB79-48C07E6195C0}.Release|Any CPU.ActiveCfg = Release|Any CPU
		{52C9BD7E-8D5D-4E2D-AB79-48C07E6195C0}.Release|Any CPU.Build.0 = Release|Any CPU
		{8C7FDAF2-7CFE-49B0-AC28-8BC56F970ED3}.Debug|Any CPU.ActiveCfg = Debug|Any CPU
		{8C7FDAF2-7CFE-49B0-AC28-8BC56F970ED3}.Debug|Any CPU.Build.0 = Debug|Any CPU
		{8C7FDAF2-7CFE-49B0-AC28-8BC56F970ED3}.Release|Any CPU.ActiveCfg = Release|Any CPU
		{8C7FDAF2-7CFE-49B0-AC28-8BC56F970ED3}.Release|Any CPU.Build.0 = Release|Any CPU
		{D2413875-734B-40F6-8EF6-11150BB35F0F}.Debug|Any CPU.ActiveCfg = Debug|Any CPU
		{D2413875-734B-40F6-8EF6-11150BB35F0F}.Debug|Any CPU.Build.0 = Debug|Any CPU
		{D2413875-734B-40F6-8EF6-11150BB35F0F}.Release|Any CPU.ActiveCfg = Release|Any CPU
		{D2413875-734B-40F6-8EF6-11150BB35F0F}.Release|Any CPU.Build.0 = Release|Any CPU
		{3E4C98B4-37CA-4A27-AED4-DA62A1859179}.Debug|Any CPU.ActiveCfg = Debug|Any CPU
		{3E4C98B4-37CA-4A27-AED4-DA62A1859179}.Debug|Any CPU.Build.0 = Debug|Any CPU
		{3E4C98B4-37CA-4A27-AED4-DA62A1859179}.Release|Any CPU.ActiveCfg = Release|Any CPU
		{3E4C98B4-37CA-4A27-AED4-DA62A1859179}.Release|Any CPU.Build.0 = Release|Any CPU
		{1C6E27A4-DA84-4069-A09B-A1C1F107DCFE}.Debug|Any CPU.ActiveCfg = Debug|Any CPU
		{1C6E27A4-DA84-4069-A09B-A1C1F107DCFE}.Debug|Any CPU.Build.0 = Debug|Any CPU
		{1C6E27A4-DA84-4069-A09B-A1C1F107DCFE}.Release|Any CPU.ActiveCfg = Release|Any CPU
		{1C6E27A4-DA84-4069-A09B-A1C1F107DCFE}.Release|Any CPU.Build.0 = Release|Any CPU
	EndGlobalSection
	GlobalSection(SolutionProperties) = preSolution
		HideSolutionNode = FALSE
	EndGlobalSection
	GlobalSection(NestedProjects) = preSolution
		{52C9BD7E-8D5D-4E2D-AB79-48C07E6195C0} = {C3EDE65F-0E70-42D4-B840-1AB3440A4D2C}
		{8C7FDAF2-7CFE-49B0-AC28-8BC56F970ED3} = {C3EDE65F-0E70-42D4-B840-1AB3440A4D2C}
		{D2413875-734B-40F6-8EF6-11150BB35F0F} = {5F1DA91C-5308-4BCD-BC5F-A2ED90C9F85C}
		{3E4C98B4-37CA-4A27-AED4-DA62A1859179} = {7D2D60A6-C4D7-47FE-B35B-01AAA0C0022E}
		{1C6E27A4-DA84-4069-A09B-A1C1F107DCFE} = {5F1DA91C-5308-4BCD-BC5F-A2ED90C9F85C}
	EndGlobalSection
EndGlobal
