
Microsoft Visual Studio Solution File, Format Version 12.00
# Visual Studio Version 17
VisualStudioVersion = 17.12.35521.163 d17.12
MinimumVisualStudioVersion = 10.0.40219.1
Project("{2150E333-8FDC-42A3-9474-1A3956D46DE8}") = "Core", "Core", "{C3EDE65F-0E70-42D4-B840-1AB3440A4D2C}"
EndProject
Project("{FAE04EC0-301F-11D3-BF4B-00C04F79EFBC}") = "App.Domain", "Core\App.Domain\App.Domain.csproj", "{52C9BD7E-8D5D-4E2D-AB79-48C07E6195C0}"
EndProject
Project("{FAE04EC0-301F-11D3-BF4B-00C04F79EFBC}") = "App.Application", "Core\App.Application\App.Application.csproj", "{8C7FDAF2-7CFE-49B0-AC28-8BC56F970ED3}"
EndProject
Global
	GlobalSection(SolutionConfigurationPlatforms) = preSolution
		Debug|Any CPU = Debug|Any CPU
		Release|Any CPU = Release|Any CPU
	EndGlobalSection
	GlobalSection(ProjectConfigurationPlatforms) = postSolution
		{52C9BD7E-8D5D-4E2D-AB79-48C07E6195C0}.Debug|Any CPU.ActiveCfg = Debug|Any CPU
		{52C9BD7E-8D5D-4E2D-AB79-48C07E6195C0}.Debug|Any CPU.Build.0 = Debug|Any CPU
		{52C9BD7E-8D5D-4E2D-AB79-48C07E6195C0}.Release|Any CPU.ActiveCfg = Release|Any CPU
		{52C9BD7E-8D5D-4E2D-AB79-48C07E6195C0}.Release|Any CPU.Build.0 = Release|Any CPU
		{8C7FDAF2-7CFE-49B0-AC28-8BC56F970ED3}.Debug|Any CPU.ActiveCfg = Debug|Any CPU
		{8C7FDAF2-7CFE-49B0-AC28-8BC56F970ED3}.Debug|Any CPU.Build.0 = Debug|Any CPU
		{8C7FDAF2-7CFE-49B0-AC28-8BC56F970ED3}.Release|Any CPU.ActiveCfg = Release|Any CPU
		{8C7FDAF2-7CFE-49B0-AC28-8BC56F970ED3}.Release|Any CPU.Build.0 = Release|Any CPU
	EndGlobalSection
	GlobalSection(SolutionProperties) = preSolution
		HideSolutionNode = FALSE
	EndGlobalSection
	GlobalSection(NestedProjects) = preSolution
		{52C9BD7E-8D5D-4E2D-AB79-48C07E6195C0} = {C3EDE65F-0E70-42D4-B840-1AB3440A4D2C}
		{8C7FDAF2-7CFE-49B0-AC28-8BC56F970ED3} = {C3EDE65F-0E70-42D4-B840-1AB3440A4D2C}
	EndGlobalSection
EndGlobal
